{
  "object": {
    "pins": [
      {
        "package": "Get",
        "repositoryURL": "https://github.com/kean/Get",
        "state": {
          "branch": "main",
          "revision": "068b400e3850f0953ec25d11d3a3893c4538ffd5",
          "version": null
        }
      },
      {
        "package": "GoTrueHTTP",
        "repositoryURL": "https://github.com/grsouza/swift-gotrue-http",
        "state": {
          "branch": "main",
          "revision": "d888f8be329364b462458415e524223aaef0d78e",
          "version": null
        }
      },
      {
        "package": "URLQueryEncoder",
        "repositoryURL": "https://github.com/kean/URLQueryEncoder",
        "state": {
          "branch": "main",
          "revision": "4cc975d4d075d0e62699a796a08284e217d4ee93",
          "version": null
        }
      }
    ]
  },
  "version": 1
}
