// !$*UTF8*$!
{
	archiveVersion = 1;
	classes = {
	};
	objectVersion = 55;
	objects = {

/* Begin PBXBuildFile section */
		1859928027F460F300232FD6 /* SignUpWithEmailAndPasswordView.swift in Sources */ = {isa = PBXBuildFile; fileRef = 1859927F27F460F300232FD6 /* SignUpWithEmailAndPasswordView.swift */; };
		1859928327F464C200232FD6 /* ActionStatus.swift in Sources */ = {isa = PBXBuildFile; fileRef = 1859928227F464C200232FD6 /* ActionStatus.swift */; };
		1859928627F4667B00232FD6 /* CustomDump in Frameworks */ = {isa = PBXBuildFile; productRef = 1859928527F4667B00232FD6 /* CustomDump */; };
		1859928827F466AF00232FD6 /* Stringfy.swift in Sources */ = {isa = PBXBuildFile; fileRef = 1859928727F466AF00232FD6 /* Stringfy.swift */; };
		1859928B27F491D100232FD6 /* SignInWithEmailAndPasswordView.swift in Sources */ = {isa = PBXBuildFile; fileRef = 1859928A27F491D100232FD6 /* SignInWithEmailAndPasswordView.swift */; };
		185EBE2F27F45E92004CA51D /* GoTrue in Frameworks */ = {isa = PBXBuildFile; productRef = 185EBE2E27F45E92004CA51D /* GoTrue */; };
		1865096827F45E07009ABF42 /* ExampleApp.swift in Sources */ = {isa = PBXBuildFile; fileRef = 1865096727F45E07009ABF42 /* ExampleApp.swift */; };
		1865096A27F45E07009ABF42 /* RootView.swift in Sources */ = {isa = PBXBuildFile; fileRef = 1865096927F45E07009ABF42 /* RootView.swift */; };
		1865096C27F45E08009ABF42 /* Assets.xcassets in Resources */ = {isa = PBXBuildFile; fileRef = 1865096B27F45E08009ABF42 /* Assets.xcassets */; };
		1865096F27F45E08009ABF42 /* Preview Assets.xcassets in Resources */ = {isa = PBXBuildFile; fileRef = 1865096E27F45E08009ABF42 /* Preview Assets.xcassets */; };
/* End PBXBuildFile section */

/* Begin PBXFileReference section */
		1859927F27F460F300232FD6 /* SignUpWithEmailAndPasswordView.swift */ = {isa = PBXFileReference; lastKnownFileType = sourcecode.swift; path = SignUpWithEmailAndPasswordView.swift; sourceTree = "<group>"; };
		1859928227F464C200232FD6 /* ActionStatus.swift */ = {isa = PBXFileReference; lastKnownFileType = sourcecode.swift; path = ActionStatus.swift; sourceTree = "<group>"; };
		1859928727F466AF00232FD6 /* Stringfy.swift */ = {isa = PBXFileReference; lastKnownFileType = sourcecode.swift; path = Stringfy.swift; sourceTree = "<group>"; };
		1859928A27F491D100232FD6 /* SignInWithEmailAndPasswordView.swift */ = {isa = PBXFileReference; lastKnownFileType = sourcecode.swift; path = SignInWithEmailAndPasswordView.swift; sourceTree = "<group>"; };
		185EBE2C27F45E5B004CA51D /* gotrue-swift */ = {isa = PBXFileReference; lastKnownFileType = wrapper; name = "gotrue-swift"; path = ..; sourceTree = "<group>"; };
		1865096427F45E07009ABF42 /* Example.app */ = {isa = PBXFileReference; explicitFileType = wrapper.application; includeInIndex = 0; path = Example.app; sourceTree = BUILT_PRODUCTS_DIR; };
		1865096727F45E07009ABF42 /* ExampleApp.swift */ = {isa = PBXFileReference; lastKnownFileType = sourcecode.swift; path = ExampleApp.swift; sourceTree = "<group>"; };
		1865096927F45E07009ABF42 /* RootView.swift */ = {isa = PBXFileReference; lastKnownFileType = sourcecode.swift; path = RootView.swift; sourceTree = "<group>"; };
		1865096B27F45E08009ABF42 /* Assets.xcassets */ = {isa = PBXFileReference; lastKnownFileType = folder.assetcatalog; path = Assets.xcassets; sourceTree = "<group>"; };
		1865096E27F45E08009ABF42 /* Preview Assets.xcassets */ = {isa = PBXFileReference; lastKnownFileType = folder.assetcatalog; path = "Preview Assets.xcassets"; sourceTree = "<group>"; };
/* End PBXFileReference section */

/* Begin PBXFrameworksBuildPhase section */
		1865096127F45E07009ABF42 /* Frameworks */ = {
			isa = PBXFrameworksBuildPhase;
			buildActionMask = 2147483647;
			files = (
				185EBE2F27F45E92004CA51D /* GoTrue in Frameworks */,
				1859928627F4667B00232FD6 /* CustomDump in Frameworks */,
			);
			runOnlyForDeploymentPostprocessing = 0;
		};
/* End PBXFrameworksBuildPhase section */

/* Begin PBXGroup section */
		1859927E27F460CA00232FD6 /* SignUpWithEmailAndPassword */ = {
			isa = PBXGroup;
			children = (
				1859927F27F460F300232FD6 /* SignUpWithEmailAndPasswordView.swift */,
			);
			path = SignUpWithEmailAndPassword;
			sourceTree = "<group>";
		};
		1859928127F464B500232FD6 /* Helpers */ = {
			isa = PBXGroup;
			children = (
				1859928227F464C200232FD6 /* ActionStatus.swift */,
				1859928727F466AF00232FD6 /* Stringfy.swift */,
			);
			path = Helpers;
			sourceTree = "<group>";
		};
		1859928927F491C100232FD6 /* SignInWithEmailAndPassword */ = {
			isa = PBXGroup;
			children = (
				1859928A27F491D100232FD6 /* SignInWithEmailAndPasswordView.swift */,
			);
			path = SignInWithEmailAndPassword;
			sourceTree = "<group>";
		};
		185EBE2D27F45E92004CA51D /* Frameworks */ = {
			isa = PBXGroup;
			children = (
			);
			name = Frameworks;
			sourceTree = "<group>";
		};
		1865095B27F45E07009ABF42 = {
			isa = PBXGroup;
			children = (
				185EBE2C27F45E5B004CA51D /* gotrue-swift */,
				1865096627F45E07009ABF42 /* GoTrue Example */,
				1865096527F45E07009ABF42 /* Products */,
				185EBE2D27F45E92004CA51D /* Frameworks */,
			);
			sourceTree = "<group>";
		};
		1865096527F45E07009ABF42 /* Products */ = {
			isa = PBXGroup;
			children = (
				1865096427F45E07009ABF42 /* Example.app */,
			);
			name = Products;
			sourceTree = "<group>";
		};
		1865096627F45E07009ABF42 /* GoTrue Example */ = {
			isa = PBXGroup;
			children = (
				1859928927F491C100232FD6 /* SignInWithEmailAndPassword */,
				1865096B27F45E08009ABF42 /* Assets.xcassets */,
				1865096727F45E07009ABF42 /* ExampleApp.swift */,
				1859928127F464B500232FD6 /* Helpers */,
				1865096D27F45E08009ABF42 /* Preview Content */,
				1865096927F45E07009ABF42 /* RootView.swift */,
				1859927E27F460CA00232FD6 /* SignUpWithEmailAndPassword */,
			);
			path = "GoTrue Example";
			sourceTree = "<group>";
		};
		1865096D27F45E08009ABF42 /* Preview Content */ = {
			isa = PBXGroup;
			children = (
				1865096E27F45E08009ABF42 /* Preview Assets.xcassets */,
			);
			path = "Preview Content";
			sourceTree = "<group>";
		};
/* End PBXGroup section */

/* Begin PBXNativeTarget section */
		1865096327F45E07009ABF42 /* Example */ = {
			isa = PBXNativeTarget;
			buildConfigurationList = 1865097227F45E08009ABF42 /* Build configuration list for PBXNativeTarget "Example" */;
			buildPhases = (
				1865096027F45E07009ABF42 /* Sources */,
				1865096127F45E07009ABF42 /* Frameworks */,
				1865096227F45E07009ABF42 /* Resources */,
			);
			buildRules = (
			);
			dependencies = (
			);
			name = Example;
			packageProductDependencies = (
				185EBE2E27F45E92004CA51D /* GoTrue */,
				1859928527F4667B00232FD6 /* CustomDump */,
			);
			productName = "GoTrue Example";
			productReference = 1865096427F45E07009ABF42 /* Example.app */;
			productType = "com.apple.product-type.application";
		};
/* End PBXNativeTarget section */

/* Begin PBXProject section */
		1865095C27F45E07009ABF42 /* Project object */ = {
			isa = PBXProject;
			attributes = {
				BuildIndependentTargetsInParallel = 1;
				LastSwiftUpdateCheck = 1330;
				LastUpgradeCheck = 1330;
				TargetAttributes = {
					1865096327F45E07009ABF42 = {
						CreatedOnToolsVersion = 13.3;
					};
				};
			};
			buildConfigurationList = 1865095F27F45E07009ABF42 /* Build configuration list for PBXProject "Example" */;
			compatibilityVersion = "Xcode 13.0";
			developmentRegion = en;
			hasScannedForEncodings = 0;
			knownRegions = (
				en,
				Base,
			);
			mainGroup = 1865095B27F45E07009ABF42;
			packageReferences = (
				1859928427F4667B00232FD6 /* XCRemoteSwiftPackageReference "swift-custom-dump" */,
			);
			productRefGroup = 1865096527F45E07009ABF42 /* Products */;
			projectDirPath = "";
			projectRoot = "";
			targets = (
				1865096327F45E07009ABF42 /* Example */,
			);
		};
/* End PBXProject section */

/* Begin PBXResourcesBuildPhase section */
		1865096227F45E07009ABF42 /* Resources */ = {
			isa = PBXResourcesBuildPhase;
			buildActionMask = 2147483647;
			files = (
				1865096F27F45E08009ABF42 /* Preview Assets.xcassets in Resources */,
				1865096C27F45E08009ABF42 /* Assets.xcassets in Resources */,
			);
			runOnlyForDeploymentPostprocessing = 0;
		};
/* End PBXResourcesBuildPhase section */

/* Begin PBXSourcesBuildPhase section */
		1865096027F45E07009ABF42 /* Sources */ = {
			isa = PBXSourcesBuildPhase;
			buildActionMask = 2147483647;
			files = (
				1859928827F466AF00232FD6 /* Stringfy.swift in Sources */,
				1859928027F460F300232FD6 /* SignUpWithEmailAndPasswordView.swift in Sources */,
				1865096A27F45E07009ABF42 /* RootView.swift in Sources */,
				1865096827F45E07009ABF42 /* ExampleApp.swift in Sources */,
				1859928B27F491D100232FD6 /* SignInWithEmailAndPasswordView.swift in Sources */,
				1859928327F464C200232FD6 /* ActionStatus.swift in Sources */,
			);
			runOnlyForDeploymentPostprocessing = 0;
		};
/* End PBXSourcesBuildPhase section */

/* Begin XCBuildConfiguration section */
		1865097027F45E08009ABF42 /* Debug */ = {
			isa = XCBuildConfiguration;
			buildSettings = {
				ALWAYS_SEARCH_USER_PATHS = NO;
				CLANG_ANALYZER_NONNULL = YES;
				CLANG_ANALYZER_NUMBER_OBJECT_CONVERSION = YES_AGGRESSIVE;
				CLANG_CXX_LANGUAGE_STANDARD = "gnu++17";
				CLANG_ENABLE_MODULES = YES;
				CLANG_ENABLE_OBJC_ARC = YES;
				CLANG_ENABLE_OBJC_WEAK = YES;
				CLANG_WARN_BLOCK_CAPTURE_AUTORELEASING = YES;
				CLANG_WARN_BOOL_CONVERSION = YES;
				CLANG_WARN_COMMA = YES;
				CLANG_WARN_CONSTANT_CONVERSION = YES;
				CLANG_WARN_DEPRECATED_OBJC_IMPLEMENTATIONS = YES;
				CLANG_WARN_DIRECT_OBJC_ISA_USAGE = YES_ERROR;
				CLANG_WARN_DOCUMENTATION_COMMENTS = YES;
				CLANG_WARN_EMPTY_BODY = YES;
				CLANG_WARN_ENUM_CONVERSION = YES;
				CLANG_WARN_INFINITE_RECURSION = YES;
				CLANG_WARN_INT_CONVERSION = YES;
				CLANG_WARN_NON_LITERAL_NULL_CONVERSION = YES;
				CLANG_WARN_OBJC_IMPLICIT_RETAIN_SELF = YES;
				CLANG_WARN_OBJC_LITERAL_CONVERSION = YES;
				CLANG_WARN_OBJC_ROOT_CLASS = YES_ERROR;
				CLANG_WARN_QUOTED_INCLUDE_IN_FRAMEWORK_HEADER = YES;
				CLANG_WARN_RANGE_LOOP_ANALYSIS = YES;
				CLANG_WARN_STRICT_PROTOTYPES = YES;
				CLANG_WARN_SUSPICIOUS_MOVE = YES;
				CLANG_WARN_UNGUARDED_AVAILABILITY = YES_AGGRESSIVE;
				CLANG_WARN_UNREACHABLE_CODE = YES;
				CLANG_WARN__DUPLICATE_METHOD_MATCH = YES;
				COPY_PHASE_STRIP = NO;
				DEBUG_INFORMATION_FORMAT = dwarf;
				ENABLE_STRICT_OBJC_MSGSEND = YES;
				ENABLE_TESTABILITY = YES;
				GCC_C_LANGUAGE_STANDARD = gnu11;
				GCC_DYNAMIC_NO_PIC = NO;
				GCC_NO_COMMON_BLOCKS = YES;
				GCC_OPTIMIZATION_LEVEL = 0;
				GCC_PREPROCESSOR_DEFINITIONS = (
					"DEBUG=1",
					"$(inherited)",
				);
				GCC_WARN_64_TO_32_BIT_CONVERSION = YES;
				GCC_WARN_ABOUT_RETURN_TYPE = YES_ERROR;
				GCC_WARN_UNDECLARED_SELECTOR = YES;
				GCC_WARN_UNINITIALIZED_AUTOS = YES_AGGRESSIVE;
				GCC_WARN_UNUSED_FUNCTION = YES;
				GCC_WARN_UNUSED_VARIABLE = YES;
				IPHONEOS_DEPLOYMENT_TARGET = 15.4;
				MTL_ENABLE_DEBUG_INFO = INCLUDE_SOURCE;
				MTL_FAST_MATH = YES;
				ONLY_ACTIVE_ARCH = YES;
				SDKROOT = iphoneos;
				SWIFT_ACTIVE_COMPILATION_CONDITIONS = DEBUG;
				SWIFT_OPTIMIZATION_LEVEL = "-Onone";
			};
			name = Debug;
		};
		1865097127F45E08009ABF42 /* Release */ = {
			isa = XCBuildConfiguration;
			buildSettings = {
				ALWAYS_SEARCH_USER_PATHS = NO;
				CLANG_ANALYZER_NONNULL = YES;
				CLANG_ANALYZER_NUMBER_OBJECT_CONVERSION = YES_AGGRESSIVE;
				CLANG_CXX_LANGUAGE_STANDARD = "gnu++17";
				CLANG_ENABLE_MODULES = YES;
				CLANG_ENABLE_OBJC_ARC = YES;
				CLANG_ENABLE_OBJC_WEAK = YES;
				CLANG_WARN_BLOCK_CAPTURE_AUTORELEASING = YES;
				CLANG_WARN_BOOL_CONVERSION = YES;
				CLANG_WARN_COMMA = YES;
				CLANG_WARN_CONSTANT_CONVERSION = YES;
				CLANG_WARN_DEPRECATED_OBJC_IMPLEMENTATIONS = YES;
				CLANG_WARN_DIRECT_OBJC_ISA_USAGE = YES_ERROR;
				CLANG_WARN_DOCUMENTATION_COMMENTS = YES;
				CLANG_WARN_EMPTY_BODY = YES;
				CLANG_WARN_ENUM_CONVERSION = YES;
				CLANG_WARN_INFINITE_RECURSION = YES;
				CLANG_WARN_INT_CONVERSION = YES;
				CLANG_WARN_NON_LITERAL_NULL_CONVERSION = YES;
				CLANG_WARN_OBJC_IMPLICIT_RETAIN_SELF = YES;
				CLANG_WARN_OBJC_LITERAL_CONVERSION = YES;
				CLANG_WARN_OBJC_ROOT_CLASS = YES_ERROR;
				CLANG_WARN_QUOTED_INCLUDE_IN_FRAMEWORK_HEADER = YES;
				CLANG_WARN_RANGE_LOOP_ANALYSIS = YES;
				CLANG_WARN_STRICT_PROTOTYPES = YES;
				CLANG_WARN_SUSPICIOUS_MOVE = YES;
				CLANG_WARN_UNGUARDED_AVAILABILITY = YES_AGGRESSIVE;
				CLANG_WARN_UNREACHABLE_CODE = YES;
				CLANG_WARN__DUPLICATE_METHOD_MATCH = YES;
				COPY_PHASE_STRIP = NO;
				DEBUG_INFORMATION_FORMAT = "dwarf-with-dsym";
				ENABLE_NS_ASSERTIONS = NO;
				ENABLE_STRICT_OBJC_MSGSEND = YES;
				GCC_C_LANGUAGE_STANDARD = gnu11;
				GCC_NO_COMMON_BLOCKS = YES;
				GCC_WARN_64_TO_32_BIT_CONVERSION = YES;
				GCC_WARN_ABOUT_RETURN_TYPE = YES_ERROR;
				GCC_WARN_UNDECLARED_SELECTOR = YES;
				GCC_WARN_UNINITIALIZED_AUTOS = YES_AGGRESSIVE;
				GCC_WARN_UNUSED_FUNCTION = YES;
				GCC_WARN_UNUSED_VARIABLE = YES;
				IPHONEOS_DEPLOYMENT_TARGET = 15.4;
				MTL_ENABLE_DEBUG_INFO = NO;
				MTL_FAST_MATH = YES;
				SDKROOT = iphoneos;
				SWIFT_COMPILATION_MODE = wholemodule;
				SWIFT_OPTIMIZATION_LEVEL = "-O";
				VALIDATE_PRODUCT = YES;
			};
			name = Release;
		};
		1865097327F45E08009ABF42 /* Debug */ = {
			isa = XCBuildConfiguration;
			buildSettings = {
				ASSETCATALOG_COMPILER_APPICON_NAME = AppIcon;
				ASSETCATALOG_COMPILER_GLOBAL_ACCENT_COLOR_NAME = AccentColor;
				CODE_SIGN_STYLE = Automatic;
				CURRENT_PROJECT_VERSION = 1;
				DEVELOPMENT_ASSET_PATHS = "\"GoTrue Example/Preview Content\"";
				DEVELOPMENT_TEAM = ELTTE7K8TT;
				ENABLE_PREVIEWS = YES;
				GENERATE_INFOPLIST_FILE = YES;
				INFOPLIST_KEY_UIApplicationSceneManifest_Generation = YES;
				INFOPLIST_KEY_UIApplicationSupportsIndirectInputEvents = YES;
				INFOPLIST_KEY_UILaunchScreen_Generation = YES;
				INFOPLIST_KEY_UISupportedInterfaceOrientations_iPad = "UIInterfaceOrientationPortrait UIInterfaceOrientationPortraitUpsideDown UIInterfaceOrientationLandscapeLeft UIInterfaceOrientationLandscapeRight";
				INFOPLIST_KEY_UISupportedInterfaceOrientations_iPhone = "UIInterfaceOrientationPortrait UIInterfaceOrientationLandscapeLeft UIInterfaceOrientationLandscapeRight";
				LD_RUNPATH_SEARCH_PATHS = (
					"$(inherited)",
					"@executable_path/Frameworks",
				);
				MARKETING_VERSION = 1.0;
				PRODUCT_BUNDLE_IDENTIFIER = io.supabase.gotrue.example;
				PRODUCT_NAME = "$(TARGET_NAME)";
				SWIFT_EMIT_LOC_STRINGS = YES;
				SWIFT_VERSION = 5.0;
				TARGETED_DEVICE_FAMILY = "1,2";
			};
			name = Debug;
		};
		1865097427F45E08009ABF42 /* Release */ = {
			isa = XCBuildConfiguration;
			buildSettings = {
				ASSETCATALOG_COMPILER_APPICON_NAME = AppIcon;
				ASSETCATALOG_COMPILER_GLOBAL_ACCENT_COLOR_NAME = AccentColor;
				CODE_SIGN_STYLE = Automatic;
				CURRENT_PROJECT_VERSION = 1;
				DEVELOPMENT_ASSET_PATHS = "\"GoTrue Example/Preview Content\"";
				DEVELOPMENT_TEAM = ELTTE7K8TT;
				ENABLE_PREVIEWS = YES;
				GENERATE_INFOPLIST_FILE = YES;
				INFOPLIST_KEY_UIApplicationSceneManifest_Generation = YES;
				INFOPLIST_KEY_UIApplicationSupportsIndirectInputEvents = YES;
				INFOPLIST_KEY_UILaunchScreen_Generation = YES;
				INFOPLIST_KEY_UISupportedInterfaceOrientations_iPad = "UIInterfaceOrientationPortrait UIInterfaceOrientationPortraitUpsideDown UIInterfaceOrientationLandscapeLeft UIInterfaceOrientationLandscapeRight";
				INFOPLIST_KEY_UISupportedInterfaceOrientations_iPhone = "UIInterfaceOrientationPortrait UIInterfaceOrientationLandscapeLeft UIInterfaceOrientationLandscapeRight";
				LD_RUNPATH_SEARCH_PATHS = (
					"$(inherited)",
					"@executable_path/Frameworks",
				);
				MARKETING_VERSION = 1.0;
				PRODUCT_BUNDLE_IDENTIFIER = io.supabase.gotrue.example;
				PRODUCT_NAME = "$(TARGET_NAME)";
				SWIFT_EMIT_LOC_STRINGS = YES;
				SWIFT_VERSION = 5.0;
				TARGETED_DEVICE_FAMILY = "1,2";
			};
			name = Release;
		};
/* End XCBuildConfiguration section */

/* Begin XCConfigurationList section */
		1865095F27F45E07009ABF42 /* Build configuration list for PBXProject "Example" */ = {
			isa = XCConfigurationList;
			buildConfigurations = (
				1865097027F45E08009ABF42 /* Debug */,
				1865097127F45E08009ABF42 /* Release */,
			);
			defaultConfigurationIsVisible = 0;
			defaultConfigurationName = Release;
		};
		1865097227F45E08009ABF42 /* Build configuration list for PBXNativeTarget "Example" */ = {
			isa = XCConfigurationList;
			buildConfigurations = (
				1865097327F45E08009ABF42 /* Debug */,
				1865097427F45E08009ABF42 /* Release */,
			);
			defaultConfigurationIsVisible = 0;
			defaultConfigurationName = Release;
		};
/* End XCConfigurationList section */

/* Begin XCRemoteSwiftPackageReference section */
		1859928427F4667B00232FD6 /* XCRemoteSwiftPackageReference "swift-custom-dump" */ = {
			isa = XCRemoteSwiftPackageReference;
			repositoryURL = "https://github.com/pointfreeco/swift-custom-dump";
			requirement = {
				kind = upToNextMajorVersion;
				minimumVersion = 0.3.0;
			};
		};
/* End XCRemoteSwiftPackageReference section */

/* Begin XCSwiftPackageProductDependency section */
		1859928527F4667B00232FD6 /* CustomDump */ = {
			isa = XCSwiftPackageProductDependency;
			package = 1859928427F4667B00232FD6 /* XCRemoteSwiftPackageReference "swift-custom-dump" */;
			productName = CustomDump;
		};
		185EBE2E27F45E92004CA51D /* GoTrue */ = {
			isa = XCSwiftPackageProductDependency;
			productName = GoTrue;
		};
/* End XCSwiftPackageProductDependency section */
	};
	rootObject = 1865095C27F45E07009ABF42 /* Project object */;
}
